{
    "_meta": {
        "hash": {
            "sha256": "d4d957dfb78168216c62825e584c0d264f68ed48c7ac6b2603925d55c48f0f75"
        },
        "requires": {},
        "sources": [
            {
                "url": "https://pypi.python.org/simple",
                "verify_ssl": true
            }
        ]
    },
    "default": {
        "PyYAML": {
            "hash": "sha256:592766c6303207a20efc445587778322d7f73b161bd994f227adaa341ba212ab",
            "version": "==3.12"
        },
        "numpy": {
            "hash": "sha256:5dd60892710df0ef654bbf4d1e3cb53ac79845e55a96e4a26dd47218e06d819a",
            "version": "==1.12.1"
        },
        "pandas": {
            "hash": "sha256:aa256d6c93885bebb93b56bc230115c8c279b65dc94e0d67086f159ab91b1f12",
            "version": "==0.19.2"
        },
        "python-dateutil": {
            "hash": "sha256:537bf2a8f8ce6f6862ad705cd68f9e405c0b5db014aa40fa29eab4335d4b1716",
            "version": "==2.6.0"
        },
        "pytz": {
            "hash": "sha256:a1ea35e87a63c7825846d5b5c81d23d668e8a102d3b1b465ce95afe1b3a2e065",
            "version": "==2016.10"
        },
        "requests": {
            "hash": "sha256:1a720e8862a41aa22e339373b526f508ef0c8988baf48b84d3fc891a8e237efb",
            "version": "==2.13.0"
        },
        "six": {
            "hash": "sha256:0ff78c403d9bccf5a425a6d31a12aa6b47f1c21ca4dc2573a7e2f32a97335eb1",
            "version": "==1.10.0"
        },
        "snakemake": {
            "hash": "sha256:f7a3b586bc2195f2dce4a4817b7ec828b6d2a0cff74a04e0f7566dcd923f9761",
            "version": "==3.11.2"
        },
        "tqdm": {
            "hash": "sha256:1621b3476c2224045d8bd57209aab006612a46ae2cc518b4a92ad988983e4c3d",
            "version": "==4.11.2"
        },
        "wrapt": {
            "hash": "sha256:42160c91b77f1bc64a955890038e02f2f72986c01d462d53cb6cb039b995cdd9",
            "version": "==1.10.10"
        }
    },
    "develop": {}
}